
Microsoft Visual Studio Solution File, Format Version 12.00
# Visual Studio 15
VisualStudioVersion = 15.0.27703.2042
MinimumVisualStudioVersion = 10.0.40219.1
Project("{FAE04EC0-301F-11D3-BF4B-00C04F79EFBC}") = "SearchHighlightedText", "SearchHighlightedText.csproj", "{B085D8F2-72CA-4DD0-841F-9DEF584DB1CC}"
EndProject
Global
	GlobalSection(SolutionConfigurationPlatforms) = preSolution
		Debug|Any CPU = Debug|Any CPU
		Release|Any CPU = Release|Any CPU
	EndGlobalSection
	GlobalSection(ProjectConfigurationPlatforms) = postSolution
		{B085D8F2-72CA-4DD0-841F-9DEF584DB1CC}.Debug|Any CPU.ActiveCfg = Debug|Any CPU
		{B085D8F2-72CA-4DD0-841F-9DEF584DB1CC}.Debug|Any CPU.Build.0 = Debug|Any CPU
		{B085D8F2-72CA-4DD0-841F-9DEF584DB1CC}.Release|Any CPU.ActiveCfg = Release|Any CPU
		{B085D8F2-72CA-4DD0-841F-9DEF584DB1CC}.Release|Any CPU.Build.0 = Release|Any CPU
	EndGlobalSection
	GlobalSection(SolutionProperties) = preSolution
		HideSolutionNode = FALSE
	EndGlobalSection
	GlobalSection(ExtensibilityGlobals) = postSolution
		SolutionGuid = {5B3CB2C9-E6F1-4381-B54E-6394F22BDC39}
	EndGlobalSection
EndGlobal
